
Microsoft Visual Studio Solution File, Format Version 12.00
# Visual Studio Version 17
VisualStudioVersion = 17.13.35818.85
MinimumVisualStudioVersion = 10.0.40219.1
Project("{FAE04EC0-301F-11D3-BF4B-00C04F79EFBC}") = "SchoolBookingApp", "SchoolBookingApp\SchoolBookingApp.csproj", "{1871927B-B5A5-4623-9C1B-1B83A61F4B81}"
EndProject
Project("{FAE04EC0-301F-11D3-BF4B-00C04F79EFBC}") = "SchoolBookingAppTests", "SchoolBookingAppTests\SchoolBookingAppTests.csproj", "{FA32A9A4-D8CF-440C-A2CC-3E39752C5111}"
EndProject
Global
	GlobalSection(SolutionConfigurationPlatforms) = preSolution
		Debug|Any CPU = Debug|Any CPU
		Release|Any CPU = Release|Any CPU
	EndGlobalSection
	GlobalSection(ProjectConfigurationPlatforms) = postSolution
		{1871927B-B5A5-4623-9C1B-1B83A61F4B81}.Debug|Any CPU.ActiveCfg = Debug|Any CPU
		{1871927B-B5A5-4623-9C1B-1B83A61F4B81}.Debug|Any CPU.Build.0 = Debug|Any CPU
		{1871927B-B5A5-4623-9C1B-1B83A61F4B81}.Release|Any CPU.ActiveCfg = Release|Any CPU
		{1871927B-B5A5-4623-9C1B-1B83A61F4B81}.Release|Any CPU.Build.0 = Release|Any CPU
		{FA32A9A4-D8CF-440C-A2CC-3E39752C5111}.Debug|Any CPU.ActiveCfg = Debug|Any CPU
		{FA32A9A4-D8CF-440C-A2CC-3E39752C5111}.Debug|Any CPU.Build.0 = Debug|Any CPU
		{FA32A9A4-D8CF-440C-A2CC-3E39752C5111}.Release|Any CPU.ActiveCfg = Release|Any CPU
		{FA32A9A4-D8CF-440C-A2CC-3E39752C5111}.Release|Any CPU.Build.0 = Release|Any CPU
	EndGlobalSection
	GlobalSection(SolutionProperties) = preSolution
		HideSolutionNode = FALSE
	EndGlobalSection
	GlobalSection(ExtensibilityGlobals) = postSolution
		SolutionGuid = {CF895457-0818-42CB-95B3-FA68E44BE4FF}
	EndGlobalSection
EndGlobal
